
Microsoft Visual Studio Solution File, Format Version 12.00
# Visual Studio 2012
Project("{FAE04EC0-301F-11D3-BF4B-00C04F79EFBC}") = "JustBlog", "JustBlog\JustBlog.csproj", "{8CB55A02-BC6C-4749-99F4-A0B50430F2FD}"
EndProject
Project("{FAE04EC0-301F-11D3-BF4B-00C04F79EFBC}") = "JustBlog.Tests", "JustBlog.Tests\JustBlog.Tests.csproj", "{B8601A11-564B-4C14-A333-8920B0C59C3F}"
EndProject
Project("{FAE04EC0-301F-11D3-BF4B-00C04F79EFBC}") = "JustBlog.Core", "..\..\..\..\Downloads\JustBlog_SourceCode\JustBlog\src\JustBlog\JustBlog.Core\JustBlog.Core.csproj", "{787A6593-DB4C-4D2A-9AE7-9848BDC7D2FD}"
EndProject
Global
	GlobalSection(SolutionConfigurationPlatforms) = preSolution
		Debug|Any CPU = Debug|Any CPU
		Release|Any CPU = Release|Any CPU
	EndGlobalSection
	GlobalSection(ProjectConfigurationPlatforms) = postSolution
		{8CB55A02-BC6C-4749-99F4-A0B50430F2FD}.Debug|Any CPU.ActiveCfg = Debug|Any CPU
		{8CB55A02-BC6C-4749-99F4-A0B50430F2FD}.Debug|Any CPU.Build.0 = Debug|Any CPU
		{8CB55A02-BC6C-4749-99F4-A0B50430F2FD}.Release|Any CPU.ActiveCfg = Release|Any CPU
		{8CB55A02-BC6C-4749-99F4-A0B50430F2FD}.Release|Any CPU.Build.0 = Release|Any CPU
		{B8601A11-564B-4C14-A333-8920B0C59C3F}.Debug|Any CPU.ActiveCfg = Debug|Any CPU
		{B8601A11-564B-4C14-A333-8920B0C59C3F}.Debug|Any CPU.Build.0 = Debug|Any CPU
		{B8601A11-564B-4C14-A333-8920B0C59C3F}.Release|Any CPU.ActiveCfg = Release|Any CPU
		{B8601A11-564B-4C14-A333-8920B0C59C3F}.Release|Any CPU.Build.0 = Release|Any CPU
		{787A6593-DB4C-4D2A-9AE7-9848BDC7D2FD}.Debug|Any CPU.ActiveCfg = Debug|Any CPU
		{787A6593-DB4C-4D2A-9AE7-9848BDC7D2FD}.Debug|Any CPU.Build.0 = Debug|Any CPU
		{787A6593-DB4C-4D2A-9AE7-9848BDC7D2FD}.Release|Any CPU.ActiveCfg = Release|Any CPU
		{787A6593-DB4C-4D2A-9AE7-9848BDC7D2FD}.Release|Any CPU.Build.0 = Release|Any CPU
	EndGlobalSection
	GlobalSection(SolutionProperties) = preSolution
		HideSolutionNode = FALSE
	EndGlobalSection
EndGlobal
